
Microsoft Visual Studio Solution File, Format Version 12.00
# Visual Studio Version 16
VisualStudioVersion = 16.0.30320.27
MinimumVisualStudioVersion = 10.0.40219.1
Project("{FAE04EC0-301F-11D3-BF4B-00C04F79EFBC}") = "finalProject", "finalProject\finalProject.csproj", "{F930CE0F-6AB0-43D9-8827-59DEBE95707B}"
EndProject
Project("{FAE04EC0-301F-11D3-BF4B-00C04F79EFBC}") = "BL", "Bl\BL.csproj", "{499CF6F1-E896-46BE-BA94-5ADC2C5FDF34}"
EndProject
Project("{FAE04EC0-301F-11D3-BF4B-00C04F79EFBC}") = "Dal", "Dal\Dal.csproj", "{4777D970-C763-4B56-B7DF-04F13EC5C397}"
EndProject
Project("{FAE04EC0-301F-11D3-BF4B-00C04F79EFBC}") = "Dto", "Dto\Dto.csproj", "{36273BEF-7893-4F3C-B25D-AC4BEEFA808E}"
EndProject
Global
	GlobalSection(SolutionConfigurationPlatforms) = preSolution
		Debug|Any CPU = Debug|Any CPU
		Release|Any CPU = Release|Any CPU
	EndGlobalSection
	GlobalSection(ProjectConfigurationPlatforms) = postSolution
		{F930CE0F-6AB0-43D9-8827-59DEBE95707B}.Debug|Any CPU.ActiveCfg = Debug|Any CPU
		{F930CE0F-6AB0-43D9-8827-59DEBE95707B}.Debug|Any CPU.Build.0 = Debug|Any CPU
		{F930CE0F-6AB0-43D9-8827-59DEBE95707B}.Release|Any CPU.ActiveCfg = Release|Any CPU
		{F930CE0F-6AB0-43D9-8827-59DEBE95707B}.Release|Any CPU.Build.0 = Release|Any CPU
		{499CF6F1-E896-46BE-BA94-5ADC2C5FDF34}.Debug|Any CPU.ActiveCfg = Debug|Any CPU
		{499CF6F1-E896-46BE-BA94-5ADC2C5FDF34}.Debug|Any CPU.Build.0 = Debug|Any CPU
		{499CF6F1-E896-46BE-BA94-5ADC2C5FDF34}.Release|Any CPU.ActiveCfg = Release|Any CPU
		{499CF6F1-E896-46BE-BA94-5ADC2C5FDF34}.Release|Any CPU.Build.0 = Release|Any CPU
		{4777D970-C763-4B56-B7DF-04F13EC5C397}.Debug|Any CPU.ActiveCfg = Debug|Any CPU
		{4777D970-C763-4B56-B7DF-04F13EC5C397}.Debug|Any CPU.Build.0 = Debug|Any CPU
		{4777D970-C763-4B56-B7DF-04F13EC5C397}.Release|Any CPU.ActiveCfg = Release|Any CPU
		{4777D970-C763-4B56-B7DF-04F13EC5C397}.Release|Any CPU.Build.0 = Release|Any CPU
		{36273BEF-7893-4F3C-B25D-AC4BEEFA808E}.Debug|Any CPU.ActiveCfg = Debug|Any CPU
		{36273BEF-7893-4F3C-B25D-AC4BEEFA808E}.Debug|Any CPU.Build.0 = Debug|Any CPU
		{36273BEF-7893-4F3C-B25D-AC4BEEFA808E}.Release|Any CPU.ActiveCfg = Release|Any CPU
		{36273BEF-7893-4F3C-B25D-AC4BEEFA808E}.Release|Any CPU.Build.0 = Release|Any CPU
	EndGlobalSection
	GlobalSection(SolutionProperties) = preSolution
		HideSolutionNode = FALSE
	EndGlobalSection
	GlobalSection(ExtensibilityGlobals) = postSolution
		SolutionGuid = {501BC4B1-850A-4449-80AC-D72D365C0544}
	EndGlobalSection
EndGlobal
